{
  "name": "core",
  "lockfileVersion": 3,
  "requires": true,
  "packages": {
    "": {
      "dependencies": {
        "pdfjs-dist": "4.10.38"
      }
    },
    "node_modules/@napi-rs/canvas": {
      "version": "0.1.79",
      "resolved": "https://registry.npmjs.org/@napi-rs/canvas/-/canvas-0.1.79.tgz",
      "integrity": "sha512-0SkvRRjyxY35eniEsQsjPYUMWunKlAWvionJOzJJADZF5ZDf/sL+ncJbMTV5LUiHg1iHOvVjWcuDOx/GNXr/lA==",
      "license": "MIT",
      "optional": true,
      "workspaces": [
        "e2e/*"
      ],
      "engines": {
        "node": ">= 10"
      },
      "optionalDependencies": {
        "@napi-rs/canvas-android-arm64": "0.1.79",
        "@napi-rs/canvas-darwin-arm64": "0.1.79",
        "@napi-rs/canvas-darwin-x64": "0.1.79",
        "@napi-rs/canvas-linux-arm-gnueabihf": "0.1.79",
        "@napi-rs/canvas-linux-arm64-gnu": "0.1.79",
        "@napi-rs/canvas-linux-arm64-musl": "0.1.79",
        "@napi-rs/canvas-linux-riscv64-gnu": "0.1.79",
        "@napi-rs/canvas-linux-x64-gnu": "0.1.79",
        "@napi-rs/canvas-linux-x64-musl": "0.1.79",
        "@napi-rs/canvas-win32-x64-msvc": "0.1.79"
      }
    },
    "node_modules/@napi-rs/canvas-android-arm64": {
      "version": "0.1.79",
      "resolved": "https://registry.npmjs.org/@napi-rs/canvas-android-arm64/-/canvas-android-arm64-0.1.79.tgz",
      "integrity": "sha512-ih6ZIztNDEXl7axvC4swOwLFrM9lOyJa9VAMq7xIBtEZhR/8IVDa0ZTup2fZEiTCmnjmXolzv7uDviHkOTEMKQ==",
      "cpu": [
        "arm64"
      ],
      "license": "MIT",
      "optional": true,
      "os": [
        "android"
      ],
      "engines": {
        "node": ">= 10"
      }
    },
    "node_modules/@napi-rs/canvas-darwin-arm64": {
      "version": "0.1.79",
      "resolved": "https://registry.npmjs.org/@napi-rs/canvas-darwin-arm64/-/canvas-darwin-arm64-0.1.79.tgz",
      "integrity": "sha512-REMz1Fac2VlOYJDg+JjmQWSJc459cCgVom6GvKwWkDqzSjvG9BSo72MDmQY3uhb7r49Xuz5gTFcLYTfNcm4MoA==",
      "cpu": [
        "arm64"
      ],
      "license": "MIT",
      "optional": true,
      "os": [
        "darwin"
      ],
      "engines": {
        "node": ">= 10"
      }
    },
    "node_modules/@napi-rs/canvas-darwin-x64": {
      "version": "0.1.79",
      "resolved": "https://registry.npmjs.org/@napi-rs/canvas-darwin-x64/-/canvas-darwin-x64-0.1.79.tgz",
      "integrity": "sha512-uQxLg6Bll7zv/ljp/YIeiUFWfV9C/ESv+2ioUh60hIAypuhtg6hhtWE/KnoW7G48wQls5VUStvEnJbnJ7bPKlA==",
      "cpu": [
        "x64"
      ],
      "license": "MIT",
      "optional": true,
      "os": [
        "darwin"
      ],
      "engines": {
        "node": ">= 10"
      }
    },
    "node_modules/@napi-rs/canvas-linux-arm-gnueabihf": {
      "version": "0.1.79",
      "resolved": "https://registry.npmjs.org/@napi-rs/canvas-linux-arm-gnueabihf/-/canvas-linux-arm-gnueabihf-0.1.79.tgz",
      "integrity": "sha512-X37B//TVIipL/3RyvyfNlbQK2uyIaK3PJ2bH7ZeU+jpkaYprBsV15GCN/LHTYAi6R0F/c53zK3aSFNKkGHM/Og==",
      "cpu": [
        "arm"
      ],
      "license": "MIT",
      "optional": true,
      "os": [
        "linux"
      ],
      "engines": {
        "node": ">= 10"
      }
    },
    "node_modules/@napi-rs/canvas-linux-arm64-gnu": {
      "version": "0.1.79",
      "resolved": "https://registry.npmjs.org/@napi-rs/canvas-linux-arm64-gnu/-/canvas-linux-arm64-gnu-0.1.79.tgz",
      "integrity": "sha512-+T1fuau1heabE6zGXiqZBGPH5fTIQF+xEu/u4fuugxEiChRYlhnPjkw26MBi8ePg/jmzxLfJEij6LMJQ4AQa2A==",
      "cpu": [
        "arm64"
      ],
      "license": "MIT",
      "optional": true,
      "os": [
        "linux"
      ],
      "engines": {
        "node": ">= 10"
      }
    },
    "node_modules/@napi-rs/canvas-linux-arm64-musl": {
      "version": "0.1.79",
      "resolved": "https://registry.npmjs.org/@napi-rs/canvas-linux-arm64-musl/-/canvas-linux-arm64-musl-0.1.79.tgz",
      "integrity": "sha512-KsrsR3+6uXv70W/1/kY0yRK4/bbdJgA1Vuxw4KyfSc6mjl1DMoYXDAjpBT/5w7AXy6cGG44jm3upvvt/y/dPfg==",
      "cpu": [
        "arm64"
      ],
      "license": "MIT",
      "optional": true,
      "os": [
        "linux"
      ],
      "engines": {
        "node": ">= 10"
      }
    },
    "node_modules/@napi-rs/canvas-linux-riscv64-gnu": {
      "version": "0.1.79",
      "resolved": "https://registry.npmjs.org/@napi-rs/canvas-linux-riscv64-gnu/-/canvas-linux-riscv64-gnu-0.1.79.tgz",
      "integrity": "sha512-EXaENnSJD6au6z4aKN2PpU9eVNWUsRI2cApm8gCa0WSRMaiYXZsFkXQmhB+Vz2pXahOS8BN2Zd8S1IeML/LCtg==",
      "cpu": [
        "riscv64"
      ],
      "license": "MIT",
      "optional": true,
      "os": [
        "linux"
      ],
      "engines": {
        "node": ">= 10"
      }
    },
    "node_modules/@napi-rs/canvas-linux-x64-gnu": {
      "version": "0.1.79",
      "resolved": "https://registry.npmjs.org/@napi-rs/canvas-linux-x64-gnu/-/canvas-linux-x64-gnu-0.1.79.tgz",
      "integrity": "sha512-3xZhHlE9e3cd9D7Comy6/TTSs/8PUGXEXymIwYQrA1QxHojAlAOFlVai4rffzXd0bHylZu+/wD76LodvYqF1Yw==",
      "cpu": [
        "x64"
      ],
      "license": "MIT",
      "optional": true,
      "os": [
        "linux"
      ],
      "engines": {
        "node": ">= 10"
      }
    },
    "node_modules/@napi-rs/canvas-linux-x64-musl": {
      "version": "0.1.79",
      "resolved": "https://registry.npmjs.org/@napi-rs/canvas-linux-x64-musl/-/canvas-linux-x64-musl-0.1.79.tgz",
      "integrity": "sha512-4yv550uCjIEoTFgrpxYZK67nFlDMCQa3LAheM2QrO+B8w1p5w04usIQSCHqHe6aPWlbLQCIqfVcew6/7Q4KuHg==",
      "cpu": [
        "x64"
      ],
      "license": "MIT",
      "optional": true,
      "os": [
        "linux"
      ],
      "engines": {
        "node": ">= 10"
      }
    },
    "node_modules/@napi-rs/canvas-win32-x64-msvc": {
      "version": "0.1.79",
      "resolved": "https://registry.npmjs.org/@napi-rs/canvas-win32-x64-msvc/-/canvas-win32-x64-msvc-0.1.79.tgz",
      "integrity": "sha512-sD5qP2njBRnhNlTNFJDdpeCN6aR3qVamLySTwhX3ec8sdfeT/chf/x2dw2UXoIGMoVaVk/y2ifwxBj/h2a2jug==",
      "cpu": [
        "x64"
      ],
      "license": "MIT",
      "optional": true,
      "os": [
        "win32"
      ],
      "engines": {
        "node": ">= 10"
      }
    },
    "node_modules/pdfjs-dist": {
      "version": "4.10.38",
      "resolved": "https://registry.npmjs.org/pdfjs-dist/-/pdfjs-dist-4.10.38.tgz",
      "integrity": "sha512-/Y3fcFrXEAsMjJXeL9J8+ZG9U01LbuWaYypvDW2ycW1jL269L3js3DVBjDJ0Up9Np1uqDXsDrRihHANhZOlwdQ==",
      "license": "Apache-2.0",
      "engines": {
        "node": ">=20"
      },
      "optionalDependencies": {
        "@napi-rs/canvas": "^0.1.65"
      }
    }
  }
}
