{
  "name": "core",
  "lockfileVersion": 3,
  "requires": true,
  "packages": {
    "": {
      "dependencies": {
        "pdfjs-dist": "5.4.149"
      }
    },
    "node_modules/@napi-rs/canvas": {
      "version": "0.1.77",
      "resolved": "https://registry.npmjs.org/@napi-rs/canvas/-/canvas-0.1.77.tgz",
      "integrity": "sha512-N9w2DkEKE1AXGp3q55GBOP6BEoFrqChDiFqJtKViTpQCWNOSVuMz7LkoGehbnpxtidppbsC36P0kCZNqJKs29w==",
      "license": "MIT",
      "optional": true,
      "workspaces": [
        "e2e/*"
      ],
      "engines": {
        "node": ">= 10"
      },
      "optionalDependencies": {
        "@napi-rs/canvas-android-arm64": "0.1.77",
        "@napi-rs/canvas-darwin-arm64": "0.1.77",
        "@napi-rs/canvas-darwin-x64": "0.1.77",
        "@napi-rs/canvas-linux-arm-gnueabihf": "0.1.77",
        "@napi-rs/canvas-linux-arm64-gnu": "0.1.77",
        "@napi-rs/canvas-linux-arm64-musl": "0.1.77",
        "@napi-rs/canvas-linux-riscv64-gnu": "0.1.77",
        "@napi-rs/canvas-linux-x64-gnu": "0.1.77",
        "@napi-rs/canvas-linux-x64-musl": "0.1.77",
        "@napi-rs/canvas-win32-x64-msvc": "0.1.77"
      }
    },
    "node_modules/@napi-rs/canvas-android-arm64": {
      "version": "0.1.77",
      "resolved": "https://registry.npmjs.org/@napi-rs/canvas-android-arm64/-/canvas-android-arm64-0.1.77.tgz",
      "integrity": "sha512-jC8YX0rbAnu9YrLK1A52KM2HX9EDjrJSCLVuBf9Dsov4IC6GgwMLS2pwL9GFLJnSZBFgdwnA84efBehHT9eshA==",
      "cpu": [
        "arm64"
      ],
      "license": "MIT",
      "optional": true,
      "os": [
        "android"
      ],
      "engines": {
        "node": ">= 10"
      }
    },
    "node_modules/@napi-rs/canvas-darwin-arm64": {
      "version": "0.1.77",
      "resolved": "https://registry.npmjs.org/@napi-rs/canvas-darwin-arm64/-/canvas-darwin-arm64-0.1.77.tgz",
      "integrity": "sha512-VFaCaCgAV0+hPwXajDIiHaaGx4fVCuUVYp/CxCGXmTGz699ngIEBx3Sa2oDp0uk3X+6RCRLueb7vD44BKBiPIg==",
      "cpu": [
        "arm64"
      ],
      "license": "MIT",
      "optional": true,
      "os": [
        "darwin"
      ],
      "engines": {
        "node": ">= 10"
      }
    },
    "node_modules/@napi-rs/canvas-darwin-x64": {
      "version": "0.1.77",
      "resolved": "https://registry.npmjs.org/@napi-rs/canvas-darwin-x64/-/canvas-darwin-x64-0.1.77.tgz",
      "integrity": "sha512-uD2NSkf6I4S3o0POJDwweK85FE4rfLNA2N714MgiEEMMw5AmupfSJGgpYzcyEXtPzdaca6rBfKcqNvzR1+EyLQ==",
      "cpu": [
        "x64"
      ],
      "license": "MIT",
      "optional": true,
      "os": [
        "darwin"
      ],
      "engines": {
        "node": ">= 10"
      }
    },
    "node_modules/@napi-rs/canvas-linux-arm-gnueabihf": {
      "version": "0.1.77",
      "resolved": "https://registry.npmjs.org/@napi-rs/canvas-linux-arm-gnueabihf/-/canvas-linux-arm-gnueabihf-0.1.77.tgz",
      "integrity": "sha512-03GxMMZGhHRQxiA4gyoKT6iQSz8xnA6T9PAfg/WNJnbkVMFZG782DwUJUb39QIZ1uE1euMCPnDgWAJ092MmgJQ==",
      "cpu": [
        "arm"
      ],
      "license": "MIT",
      "optional": true,
      "os": [
        "linux"
      ],
      "engines": {
        "node": ">= 10"
      }
    },
    "node_modules/@napi-rs/canvas-linux-arm64-gnu": {
      "version": "0.1.77",
      "resolved": "https://registry.npmjs.org/@napi-rs/canvas-linux-arm64-gnu/-/canvas-linux-arm64-gnu-0.1.77.tgz",
      "integrity": "sha512-ZO+d2gRU9JU1Bb7SgJcJ1k9wtRMCpSWjJAJ+2phhu0Lw5As8jYXXXmLKmMTGs1bOya2dBMYDLzwp7KS/S/+aCA==",
      "cpu": [
        "arm64"
      ],
      "license": "MIT",
      "optional": true,
      "os": [
        "linux"
      ],
      "engines": {
        "node": ">= 10"
      }
    },
    "node_modules/@napi-rs/canvas-linux-arm64-musl": {
      "version": "0.1.77",
      "resolved": "https://registry.npmjs.org/@napi-rs/canvas-linux-arm64-musl/-/canvas-linux-arm64-musl-0.1.77.tgz",
      "integrity": "sha512-S1KtnP1+nWs2RApzNkdNf8X4trTLrHaY7FivV61ZRaL8NvuGOkSkKa+gWN2iedIGFEDz6gecpl/JAUSewwFXYg==",
      "cpu": [
        "arm64"
      ],
      "license": "MIT",
      "optional": true,
      "os": [
        "linux"
      ],
      "engines": {
        "node": ">= 10"
      }
    },
    "node_modules/@napi-rs/canvas-linux-riscv64-gnu": {
      "version": "0.1.77",
      "resolved": "https://registry.npmjs.org/@napi-rs/canvas-linux-riscv64-gnu/-/canvas-linux-riscv64-gnu-0.1.77.tgz",
      "integrity": "sha512-A4YIKFYUwDtrSzCtdCAO5DYmRqlhCVKHdpq0+dBGPnIEhOQDFkPBTfoTAjO3pjlEnorlfKmNMOH21sKQg2esGA==",
      "cpu": [
        "riscv64"
      ],
      "license": "MIT",
      "optional": true,
      "os": [
        "linux"
      ],
      "engines": {
        "node": ">= 10"
      }
    },
    "node_modules/@napi-rs/canvas-linux-x64-gnu": {
      "version": "0.1.77",
      "resolved": "https://registry.npmjs.org/@napi-rs/canvas-linux-x64-gnu/-/canvas-linux-x64-gnu-0.1.77.tgz",
      "integrity": "sha512-Lt6Sef5l0+5O1cSZ8ysO0JI+x+rSrqZyXs5f7+kVkCAOVq8X5WTcDVbvWvEs2aRhrWTp5y25Jf2Bn+3IcNHOuQ==",
      "cpu": [
        "x64"
      ],
      "license": "MIT",
      "optional": true,
      "os": [
        "linux"
      ],
      "engines": {
        "node": ">= 10"
      }
    },
    "node_modules/@napi-rs/canvas-linux-x64-musl": {
      "version": "0.1.77",
      "resolved": "https://registry.npmjs.org/@napi-rs/canvas-linux-x64-musl/-/canvas-linux-x64-musl-0.1.77.tgz",
      "integrity": "sha512-NiNFvC+D+omVeJ3IjYlIbyt/igONSABVe9z0ZZph29epHgZYu4eHwV9osfpRt1BGGOAM8LkFrHk4LBdn2EDymA==",
      "cpu": [
        "x64"
      ],
      "license": "MIT",
      "optional": true,
      "os": [
        "linux"
      ],
      "engines": {
        "node": ">= 10"
      }
    },
    "node_modules/@napi-rs/canvas-win32-x64-msvc": {
      "version": "0.1.77",
      "resolved": "https://registry.npmjs.org/@napi-rs/canvas-win32-x64-msvc/-/canvas-win32-x64-msvc-0.1.77.tgz",
      "integrity": "sha512-fP6l0hZiWykyjvpZTS3sI46iib8QEflbPakNoUijtwyxRuOPTTBfzAWZUz5z2vKpJJ/8r305wnZeZ8lhsBHY5A==",
      "cpu": [
        "x64"
      ],
      "license": "MIT",
      "optional": true,
      "os": [
        "win32"
      ],
      "engines": {
        "node": ">= 10"
      }
    },
    "node_modules/pdfjs-dist": {
      "version": "5.4.149",
      "resolved": "https://registry.npmjs.org/pdfjs-dist/-/pdfjs-dist-5.4.149.tgz",
      "integrity": "sha512-Xe8/1FMJEQPUVSti25AlDpwpUm2QAVmNOpFP0SIahaPIOKBKICaefbzogLdwey3XGGoaP4Lb9wqiw2e9Jqp0LA==",
      "license": "Apache-2.0",
      "engines": {
        "node": ">=20.16.0 || >=22.3.0"
      },
      "optionalDependencies": {
        "@napi-rs/canvas": "^0.1.77"
      }
    }
  }
}
