{
  "name": "core",
  "lockfileVersion": 2,
  "requires": true,
  "packages": {
    "": {
      "devDependencies": {
        "prettier": "2.7.1",
        "prettier-plugin-eex": "0.6.0"
      }
    },
    "node_modules/prettier": {
      "version": "2.7.1",
      "resolved": "https://registry.npmjs.org/prettier/-/prettier-2.7.1.tgz",
      "integrity": "sha512-ujppO+MkdPqoVINuDFDRLClm7D78qbDt0/NR+wp5FqEZOoTNAjPHWj17QRhu7geIHJfcNhRk1XVQmF8Bp3ye+g==",
      "dev": true,
      "bin": {
        "prettier": "bin-prettier.js"
      },
      "engines": {
        "node": ">=10.13.0"
      },
      "funding": {
        "url": "https://github.com/prettier/prettier?sponsor=1"
      }
    },
    "node_modules/prettier-html-templates": {
      "version": "0.1.0",
      "resolved": "https://registry.npmjs.org/prettier-html-templates/-/prettier-html-templates-0.1.0.tgz",
      "integrity": "sha512-KdLveYzO2kJLiwUAebd5UFeKP8h3OqFhOiLbkgeIuS1WNoCRTyxW4KuyGfbh3F+Rp/2A6mipRxCq2zPi+//pmg==",
      "dev": true,
      "peerDependencies": {
        "prettier": "^2.0.0"
      }
    },
    "node_modules/prettier-plugin-eex": {
      "version": "0.6.0",
      "resolved": "https://registry.npmjs.org/prettier-plugin-eex/-/prettier-plugin-eex-0.6.0.tgz",
      "integrity": "sha512-cI2mlKj4NsE43vsXTHB3QGsmg1FUHWiD2obegnWjGeRDN7scPhjX+uEmBkJl53pJ+a7byC9t/okDQUeVmvxPpw==",
      "dev": true,
      "dependencies": {
        "prettier-html-templates": "^0.1.0"
      },
      "peerDependencies": {
        "prettier": "^2.0.0"
      }
    }
  },
  "dependencies": {
    "prettier": {
      "version": "2.7.1",
      "resolved": "https://registry.npmjs.org/prettier/-/prettier-2.7.1.tgz",
      "integrity": "sha512-ujppO+MkdPqoVINuDFDRLClm7D78qbDt0/NR+wp5FqEZOoTNAjPHWj17QRhu7geIHJfcNhRk1XVQmF8Bp3ye+g==",
      "dev": true
    },
    "prettier-html-templates": {
      "version": "0.1.0",
      "resolved": "https://registry.npmjs.org/prettier-html-templates/-/prettier-html-templates-0.1.0.tgz",
      "integrity": "sha512-KdLveYzO2kJLiwUAebd5UFeKP8h3OqFhOiLbkgeIuS1WNoCRTyxW4KuyGfbh3F+Rp/2A6mipRxCq2zPi+//pmg==",
      "dev": true,
      "requires": {}
    },
    "prettier-plugin-eex": {
      "version": "0.6.0",
      "resolved": "https://registry.npmjs.org/prettier-plugin-eex/-/prettier-plugin-eex-0.6.0.tgz",
      "integrity": "sha512-cI2mlKj4NsE43vsXTHB3QGsmg1FUHWiD2obegnWjGeRDN7scPhjX+uEmBkJl53pJ+a7byC9t/okDQUeVmvxPpw==",
      "dev": true,
      "requires": {
        "prettier-html-templates": "^0.1.0"
      }
    }
  }
}
