{
  "name": "assets",
  "lockfileVersion": 3,
  "requires": true,
  "packages": {
    "": {
      "license": "MIT",
      "dependencies": {
        "@bundled-es-modules/pdfjs-dist": "^3.6.172-alpha.1",
        "alpine-magic-helpers": "^1.1.0",
        "alpinejs": "^2.8.2",
        "blurhash": "^1.1.3",
        "lodash": "^4.17.21",
        "pdfjs-dist": "^5.3.93",
        "pinch-zoom-js": "^2.3.5",
        "trix": "^2.1.15"
      },
      "devDependencies": {
        "prettier": "2.7.1",
        "prettier-plugin-eex": "0.6.0"
      }
    },
    "node_modules/@bundled-es-modules/pdfjs-dist": {
      "version": "3.6.172-alpha.1",
      "resolved": "https://registry.npmjs.org/@bundled-es-modules/pdfjs-dist/-/pdfjs-dist-3.6.172-alpha.1.tgz",
      "integrity": "sha512-edQXn/5UR1LU1rPoFaZCBk22X8COSO4xctUjakkX6YtZ8BYT9J4EStU8X4bqX7ht2FLC3J21YMQ6RPDmut/l2g=="
    },
    "node_modules/@napi-rs/canvas": {
      "version": "0.1.74",
      "resolved": "https://registry.npmjs.org/@napi-rs/canvas/-/canvas-0.1.74.tgz",
      "integrity": "sha512-pOIyzuS+5Bz1vAhD7tdhaw5/936mMJZUn4aVajojUdjYOGSWmfpDYSgt0nQLZPZVN5GLgWgutqXPOi7Jsm3k+Q==",
      "optional": true,
      "engines": {
        "node": ">= 10"
      },
      "optionalDependencies": {
        "@napi-rs/canvas-android-arm64": "0.1.74",
        "@napi-rs/canvas-darwin-arm64": "0.1.74",
        "@napi-rs/canvas-darwin-x64": "0.1.74",
        "@napi-rs/canvas-linux-arm-gnueabihf": "0.1.74",
        "@napi-rs/canvas-linux-arm64-gnu": "0.1.74",
        "@napi-rs/canvas-linux-arm64-musl": "0.1.74",
        "@napi-rs/canvas-linux-riscv64-gnu": "0.1.74",
        "@napi-rs/canvas-linux-x64-gnu": "0.1.74",
        "@napi-rs/canvas-linux-x64-musl": "0.1.74",
        "@napi-rs/canvas-win32-x64-msvc": "0.1.74"
      }
    },
    "node_modules/@napi-rs/canvas-android-arm64": {
      "version": "0.1.74",
      "resolved": "https://registry.npmjs.org/@napi-rs/canvas-android-arm64/-/canvas-android-arm64-0.1.74.tgz",
      "integrity": "sha512-aq5ode+9Z/ZR0H485dI2jdRdttg/hl9Ob+iPCt0nj+QFiirpxDrbUHKeTZWQWEtkWyC7vI5R2dMTbDINBfl9eg==",
      "cpu": [
        "arm64"
      ],
      "optional": true,
      "os": [
        "android"
      ],
      "engines": {
        "node": ">= 10"
      }
    },
    "node_modules/@napi-rs/canvas-darwin-arm64": {
      "version": "0.1.74",
      "resolved": "https://registry.npmjs.org/@napi-rs/canvas-darwin-arm64/-/canvas-darwin-arm64-0.1.74.tgz",
      "integrity": "sha512-eO5Miz+ef1dEQyUMWDdcbAb1Wr7yMyxD9/CL9d4frQxO4pTTaCiMBUWup8XDPLr/g7XkSkGCZLP47xiXiyXSpQ==",
      "cpu": [
        "arm64"
      ],
      "optional": true,
      "os": [
        "darwin"
      ],
      "engines": {
        "node": ">= 10"
      }
    },
    "node_modules/@napi-rs/canvas-darwin-x64": {
      "version": "0.1.74",
      "resolved": "https://registry.npmjs.org/@napi-rs/canvas-darwin-x64/-/canvas-darwin-x64-0.1.74.tgz",
      "integrity": "sha512-0EkO0IFkps7C3JpKC7lbM3IL+QDUYeUKagHLDbUry4PeQTghxp6JcgccpmU32ZbpFZgPnm7o0tTJO0J1d8S2rA==",
      "cpu": [
        "x64"
      ],
      "optional": true,
      "os": [
        "darwin"
      ],
      "engines": {
        "node": ">= 10"
      }
    },
    "node_modules/@napi-rs/canvas-linux-arm-gnueabihf": {
      "version": "0.1.74",
      "resolved": "https://registry.npmjs.org/@napi-rs/canvas-linux-arm-gnueabihf/-/canvas-linux-arm-gnueabihf-0.1.74.tgz",
      "integrity": "sha512-qAVJEN2JqGayEI1kSpJy1Xr6ZmCFV9QhRyV35yWsS7e9X1jm+T4DAlCxI4PlKIlqVSzYMYhKrxchST20XBSzHg==",
      "cpu": [
        "arm"
      ],
      "optional": true,
      "os": [
        "linux"
      ],
      "engines": {
        "node": ">= 10"
      }
    },
    "node_modules/@napi-rs/canvas-linux-arm64-gnu": {
      "version": "0.1.74",
      "resolved": "https://registry.npmjs.org/@napi-rs/canvas-linux-arm64-gnu/-/canvas-linux-arm64-gnu-0.1.74.tgz",
      "integrity": "sha512-lOnop22qy6MYxI94GGunMMjo6D80I//2W/6pqKUfwXaDQtOfvHsTcVVzDu5cFXUTNrb9ZRfMCeol5YEd+9FJvg==",
      "cpu": [
        "arm64"
      ],
      "optional": true,
      "os": [
        "linux"
      ],
      "engines": {
        "node": ">= 10"
      }
    },
    "node_modules/@napi-rs/canvas-linux-arm64-musl": {
      "version": "0.1.74",
      "resolved": "https://registry.npmjs.org/@napi-rs/canvas-linux-arm64-musl/-/canvas-linux-arm64-musl-0.1.74.tgz",
      "integrity": "sha512-tfFqLHGtSEabBigOnPUfZviSTGmW2xHv5tYZYPBWmgGiTkoNJ7lEWFUxHjwvV5HXGqLs8ok/O7g1enSpxO6lmQ==",
      "cpu": [
        "arm64"
      ],
      "optional": true,
      "os": [
        "linux"
      ],
      "engines": {
        "node": ">= 10"
      }
    },
    "node_modules/@napi-rs/canvas-linux-riscv64-gnu": {
      "version": "0.1.74",
      "resolved": "https://registry.npmjs.org/@napi-rs/canvas-linux-riscv64-gnu/-/canvas-linux-riscv64-gnu-0.1.74.tgz",
      "integrity": "sha512-j6H9dHTMtr1y3tu/zGm1ythYIL9vTl4EEv9f6CMx0n3Zn2M+OruUUwh9ylCj4afzSNEK9T8cr6zMnmTPzkpBvQ==",
      "cpu": [
        "riscv64"
      ],
      "optional": true,
      "os": [
        "linux"
      ],
      "engines": {
        "node": ">= 10"
      }
    },
    "node_modules/@napi-rs/canvas-linux-x64-gnu": {
      "version": "0.1.74",
      "resolved": "https://registry.npmjs.org/@napi-rs/canvas-linux-x64-gnu/-/canvas-linux-x64-gnu-0.1.74.tgz",
      "integrity": "sha512-73DIV4E7Y9CpIJuUXVl9H6+MEQXyRy4VJQoUGA1tOlcKQiStxqhq6UErL4decI28NxjyQXBhtYZKj5q8AJEuOg==",
      "cpu": [
        "x64"
      ],
      "optional": true,
      "os": [
        "linux"
      ],
      "engines": {
        "node": ">= 10"
      }
    },
    "node_modules/@napi-rs/canvas-linux-x64-musl": {
      "version": "0.1.74",
      "resolved": "https://registry.npmjs.org/@napi-rs/canvas-linux-x64-musl/-/canvas-linux-x64-musl-0.1.74.tgz",
      "integrity": "sha512-FgDMEFdGIJT3I2xejflRJ82/ZgDphyirS43RgtoLaIXI6zihLiZcQ7rczpqeWgAwlJNjR0He2EustsKe1SkUOg==",
      "cpu": [
        "x64"
      ],
      "optional": true,
      "os": [
        "linux"
      ],
      "engines": {
        "node": ">= 10"
      }
    },
    "node_modules/@napi-rs/canvas-win32-x64-msvc": {
      "version": "0.1.74",
      "resolved": "https://registry.npmjs.org/@napi-rs/canvas-win32-x64-msvc/-/canvas-win32-x64-msvc-0.1.74.tgz",
      "integrity": "sha512-x6bhwlhn0wU7dfiP46mt5Bi6PowSUH4CJ4PTzGj58LRQ1HVasEIJgoMx7MLC48F738eJpzbfg3WR/D8+e9CeTA==",
      "cpu": [
        "x64"
      ],
      "optional": true,
      "os": [
        "win32"
      ],
      "engines": {
        "node": ">= 10"
      }
    },
    "node_modules/@types/trusted-types": {
      "version": "2.0.7",
      "resolved": "https://registry.npmjs.org/@types/trusted-types/-/trusted-types-2.0.7.tgz",
      "integrity": "sha512-ScaPdn1dQczgbl0QFTeTOmVHFULt394XJgOQNoyVhZ6r2vLnMLJfBPd53SB52T/3G36VI1/g2MZaX0cwDuXsfw==",
      "license": "MIT",
      "optional": true
    },
    "node_modules/alpine-magic-helpers": {
      "version": "1.2.2",
      "resolved": "https://registry.npmjs.org/alpine-magic-helpers/-/alpine-magic-helpers-1.2.2.tgz",
      "integrity": "sha512-eOEpIV22Qrp3R1Y3PO1ku1bishB5rDVlW9jcCfIwytmu//F7OirpBdGTgrQwPHQz3RWdy4+EEBJHnNs7CZVjaQ==",
      "peerDependencies": {
        "alpinejs": "^2.8"
      }
    },
    "node_modules/alpinejs": {
      "version": "2.8.2",
      "resolved": "https://registry.npmjs.org/alpinejs/-/alpinejs-2.8.2.tgz",
      "integrity": "sha512-5yOUtckn4CBp0qsHpo2qgjZyZit84uXvHbB7NJ27sn4FA6UlFl2i9PGUAdTXkcbFvvxDJBM+zpOD8RuNYFvQAw=="
    },
    "node_modules/blurhash": {
      "version": "1.1.5",
      "resolved": "https://registry.npmjs.org/blurhash/-/blurhash-1.1.5.tgz",
      "integrity": "sha512-a+LO3A2DfxTaTztsmkbLYmUzUeApi0LZuKalwbNmqAHR6HhJGMt1qSV/R3wc+w4DL28holjqO3Bg74aUGavGjg=="
    },
    "node_modules/dompurify": {
      "version": "3.2.5",
      "resolved": "https://registry.npmjs.org/dompurify/-/dompurify-3.2.5.tgz",
      "integrity": "sha512-mLPd29uoRe9HpvwP2TxClGQBzGXeEC/we/q+bFlmPPmj2p2Ugl3r6ATu/UU1v77DXNcehiBg9zsr1dREyA/dJQ==",
      "license": "(MPL-2.0 OR Apache-2.0)",
      "optionalDependencies": {
        "@types/trusted-types": "^2.0.7"
      }
    },
    "node_modules/lodash": {
      "version": "4.17.21",
      "resolved": "https://registry.npmjs.org/lodash/-/lodash-4.17.21.tgz",
      "integrity": "sha512-v2kDEe57lecTulaDIuNTPy3Ry4gLGJ6Z1O3vE1krgXZNrsQ+LFTGHVxVjcXPs17LhbZVGedAJv8XZ1tvj5FvSg=="
    },
    "node_modules/pdfjs-dist": {
      "version": "5.3.93",
      "resolved": "https://registry.npmjs.org/pdfjs-dist/-/pdfjs-dist-5.3.93.tgz",
      "integrity": "sha512-w3fQKVL1oGn8FRyx5JUG5tnbblggDqyx2XzA5brsJ5hSuS+I0NdnJANhmeWKLjotdbPQucLBug5t0MeWr0AAdg==",
      "engines": {
        "node": ">=20.16.0 || >=22.3.0"
      },
      "optionalDependencies": {
        "@napi-rs/canvas": "^0.1.71"
      }
    },
    "node_modules/pinch-zoom-js": {
      "version": "2.3.5",
      "resolved": "https://registry.npmjs.org/pinch-zoom-js/-/pinch-zoom-js-2.3.5.tgz",
      "integrity": "sha512-/fydIbmKTbVFINRTd/YytTADpmUBX54K+UEjpACiFN7JT1PkzffcZak8Mabx8o0hbzTsYmaDRmN/89t2U55oTw=="
    },
    "node_modules/prettier": {
      "version": "2.7.1",
      "resolved": "https://registry.npmjs.org/prettier/-/prettier-2.7.1.tgz",
      "integrity": "sha512-ujppO+MkdPqoVINuDFDRLClm7D78qbDt0/NR+wp5FqEZOoTNAjPHWj17QRhu7geIHJfcNhRk1XVQmF8Bp3ye+g==",
      "dev": true,
      "bin": {
        "prettier": "bin-prettier.js"
      },
      "engines": {
        "node": ">=10.13.0"
      },
      "funding": {
        "url": "https://github.com/prettier/prettier?sponsor=1"
      }
    },
    "node_modules/prettier-html-templates": {
      "version": "0.1.0",
      "resolved": "https://registry.npmjs.org/prettier-html-templates/-/prettier-html-templates-0.1.0.tgz",
      "integrity": "sha512-KdLveYzO2kJLiwUAebd5UFeKP8h3OqFhOiLbkgeIuS1WNoCRTyxW4KuyGfbh3F+Rp/2A6mipRxCq2zPi+//pmg==",
      "dev": true,
      "peerDependencies": {
        "prettier": "^2.0.0"
      }
    },
    "node_modules/prettier-plugin-eex": {
      "version": "0.6.0",
      "resolved": "https://registry.npmjs.org/prettier-plugin-eex/-/prettier-plugin-eex-0.6.0.tgz",
      "integrity": "sha512-cI2mlKj4NsE43vsXTHB3QGsmg1FUHWiD2obegnWjGeRDN7scPhjX+uEmBkJl53pJ+a7byC9t/okDQUeVmvxPpw==",
      "dev": true,
      "dependencies": {
        "prettier-html-templates": "^0.1.0"
      },
      "peerDependencies": {
        "prettier": "^2.0.0"
      }
    },
    "node_modules/trix": {
      "version": "2.1.15",
      "resolved": "https://registry.npmjs.org/trix/-/trix-2.1.15.tgz",
      "integrity": "sha512-LoaXWczdTUV8+3Box92B9b1iaDVbxD14dYemZRxi3PwY+AuDm97BUJV2aHLBUFPuDABhxp0wzcbf0CxHCVmXiw==",
      "license": "MIT",
      "dependencies": {
        "dompurify": "^3.2.5"
      }
    }
  }
}
